// !$*UTF8*$!
{
	archiveVersion = 1;
	classes = {
	};
	objectVersion = 46;
	objects = {

/* Begin PBXBuildFile section */
		39AAA33BBDA5D54175BEBDFD /* libPods-AvoidCrashTests.a in Frameworks */ = {isa = PBXBuildFile; fileRef = 6F6619023BB12CF5654047EA /* libPods-AvoidCrashTests.a */; };
		7F1E13491F5F6E6B00B421D1 /* main.m in Sources */ = {isa = PBXBuildFile; fileRef = 7F1E13481F5F6E6B00B421D1 /* main.m */; };
		7F1E134C1F5F6E6C00B421D1 /* AppDelegate.m in Sources */ = {isa = PBXBuildFile; fileRef = 7F1E134B1F5F6E6C00B421D1 /* AppDelegate.m */; };
		7F1E13521F5F6E6C00B421D1 /* Main.storyboard in Resources */ = {isa = PBXBuildFile; fileRef = 7F1E13501F5F6E6C00B421D1 /* Main.storyboard */; };
		7F1E13541F5F6E6C00B421D1 /* Assets.xcassets in Resources */ = {isa = PBXBuildFile; fileRef = 7F1E13531F5F6E6C00B421D1 /* Assets.xcassets */; };
		7F1E13571F5F6E6C00B421D1 /* LaunchScreen.storyboard in Resources */ = {isa = PBXBuildFile; fileRef = 7F1E13551F5F6E6C00B421D1 /* LaunchScreen.storyboard */; };
		7F1E13621F5F6E6C00B421D1 /* AvoidCrashTests.m in Sources */ = {isa = PBXBuildFile; fileRef = 7F1E13611F5F6E6C00B421D1 /* AvoidCrashTests.m */; };
		7F1E136D1F5F6E6C00B421D1 /* AvoidCrashUITests.m in Sources */ = {isa = PBXBuildFile; fileRef = 7F1E136C1F5F6E6C00B421D1 /* AvoidCrashUITests.m */; };
		7F1E137C1F5F6F6000B421D1 /* NSObject+NTYAvoidCrash.m in Sources */ = {isa = PBXBuildFile; fileRef = 7F1E137B1F5F6F6000B421D1 /* NSObject+NTYAvoidCrash.m */; };
		7F4E4E231F5FDF8E00EAED30 /* AvoidXTest.m in Sources */ = {isa = PBXBuildFile; fileRef = 7F4E4E221F5FDF8E00EAED30 /* AvoidXTest.m */; };
		7F4E4E261F600B1F00EAED30 /* NSObject+NTYAvoidCrashMRC.m in Sources */ = {isa = PBXBuildFile; fileRef = 7F4E4E251F600B1F00EAED30 /* NSObject+NTYAvoidCrashMRC.m */; settings = {COMPILER_FLAGS = "-fno-objc-arc"; }; };
		7F4E4E291F600B8600EAED30 /* NSObject+NTYAvoidCrashNotUsed.m in Sources */ = {isa = PBXBuildFile; fileRef = 7F4E4E281F600B8600EAED30 /* NSObject+NTYAvoidCrashNotUsed.m */; };
		7FE53B111F5F7336002B150D /* CYRLayoutManager.m in Sources */ = {isa = PBXBuildFile; fileRef = 7FE53B031F5F7336002B150D /* CYRLayoutManager.m */; };
		7FE53B121F5F7336002B150D /* CYRTextStorage.m in Sources */ = {isa = PBXBuildFile; fileRef = 7FE53B051F5F7336002B150D /* CYRTextStorage.m */; };
		7FE53B131F5F7336002B150D /* CYRTextView.m in Sources */ = {isa = PBXBuildFile; fileRef = 7FE53B071F5F7336002B150D /* CYRTextView.m */; };
		7FE53B141F5F7336002B150D /* CYRToken.m in Sources */ = {isa = PBXBuildFile; fileRef = 7FE53B091F5F7336002B150D /* CYRToken.m */; };
		7FE53B151F5F7336002B150D /* QEDTextView.m in Sources */ = {isa = PBXBuildFile; fileRef = 7FE53B0B1F5F7336002B150D /* QEDTextView.m */; };
		7FE53B161F5F7336002B150D /* SKMainViewController.m in Sources */ = {isa = PBXBuildFile; fileRef = 7FE53B0E1F5F7336002B150D /* SKMainViewController.m */; };
		7FE53B171F5F7336002B150D /* SKViewController.m in Sources */ = {isa = PBXBuildFile; fileRef = 7FE53B101F5F7336002B150D /* SKViewController.m */; };
		7FE53B1F1F5F7351002B150D /* NSArrayTests.m in Sources */ = {isa = PBXBuildFile; fileRef = 7FE53B181F5F7351002B150D /* NSArrayTests.m */; };
		7FE53B201F5F7351002B150D /* NSDictionaryTests.m in Sources */ = {isa = PBXBuildFile; fileRef = 7FE53B191F5F7351002B150D /* NSDictionaryTests.m */; };
		7FE53B211F5F7351002B150D /* NSMutableArrayTests.m in Sources */ = {isa = PBXBuildFile; fileRef = 7FE53B1A1F5F7351002B150D /* NSMutableArrayTests.m */; };
		7FE53B221F5F7351002B150D /* NSMutableDictionaryTests.m in Sources */ = {isa = PBXBuildFile; fileRef = 7FE53B1B1F5F7351002B150D /* NSMutableDictionaryTests.m */; };
		7FE53B231F5F7351002B150D /* NSMutableStringTests.m in Sources */ = {isa = PBXBuildFile; fileRef = 7FE53B1C1F5F7351002B150D /* NSMutableStringTests.m */; };
		7FE53B241F5F7351002B150D /* NSNumberTests.m in Sources */ = {isa = PBXBuildFile; fileRef = 7FE53B1D1F5F7351002B150D /* NSNumberTests.m */; };
		7FE53B251F5F7351002B150D /* NSStringTests.m in Sources */ = {isa = PBXBuildFile; fileRef = 7FE53B1E1F5F7351002B150D /* NSStringTests.m */; };
		D7E7C29248060752255E3DA8 /* libPods-AvoidCrash.a in Frameworks */ = {isa = PBXBuildFile; fileRef = F70E923ECA89916C912B4228 /* libPods-AvoidCrash.a */; };
		FA74513D036651C7E53EC158 /* libPods-AvoidCrashUITests.a in Frameworks */ = {isa = PBXBuildFile; fileRef = 6E725930DFA954A655189C28 /* libPods-AvoidCrashUITests.a */; };
/* End PBXBuildFile section */

/* Begin PBXContainerItemProxy section */
		7F1E135E1F5F6E6C00B421D1 /* PBXContainerItemProxy */ = {
			isa = PBXContainerItemProxy;
			containerPortal = 7F1E133C1F5F6E6B00B421D1 /* Project object */;
			proxyType = 1;
			remoteGlobalIDString = 7F1E13431F5F6E6B00B421D1;
			remoteInfo = AvoidCrash;
		};
		7F1E13691F5F6E6C00B421D1 /* PBXContainerItemProxy */ = {
			isa = PBXContainerItemProxy;
			containerPortal = 7F1E133C1F5F6E6B00B421D1 /* Project object */;
			proxyType = 1;
			remoteGlobalIDString = 7F1E13431F5F6E6B00B421D1;
			remoteInfo = AvoidCrash;
		};
/* End PBXContainerItemProxy section */

/* Begin PBXFileReference section */
		3465B08430B402D144E767BD /* Pods-AvoidCrash.release.xcconfig */ = {isa = PBXFileReference; includeInIndex = 1; lastKnownFileType = text.xcconfig; name = "Pods-AvoidCrash.release.xcconfig"; path = "Pods/Target Support Files/Pods-AvoidCrash/Pods-AvoidCrash.release.xcconfig"; sourceTree = "<group>"; };
		6E725930DFA954A655189C28 /* libPods-AvoidCrashUITests.a */ = {isa = PBXFileReference; explicitFileType = archive.ar; includeInIndex = 0; path = "libPods-AvoidCrashUITests.a"; sourceTree = BUILT_PRODUCTS_DIR; };
		6F6619023BB12CF5654047EA /* libPods-AvoidCrashTests.a */ = {isa = PBXFileReference; explicitFileType = archive.ar; includeInIndex = 0; path = "libPods-AvoidCrashTests.a"; sourceTree = BUILT_PRODUCTS_DIR; };
		7049402CA09C56794FD71A64 /* Pods-AvoidCrashUITests.release.xcconfig */ = {isa = PBXFileReference; includeInIndex = 1; lastKnownFileType = text.xcconfig; name = "Pods-AvoidCrashUITests.release.xcconfig"; path = "Pods/Target Support Files/Pods-AvoidCrashUITests/Pods-AvoidCrashUITests.release.xcconfig"; sourceTree = "<group>"; };
		73DAACF98D3AE0AD5329BF8C /* Pods-AvoidCrashTests.debug.xcconfig */ = {isa = PBXFileReference; includeInIndex = 1; lastKnownFileType = text.xcconfig; name = "Pods-AvoidCrashTests.debug.xcconfig"; path = "Pods/Target Support Files/Pods-AvoidCrashTests/Pods-AvoidCrashTests.debug.xcconfig"; sourceTree = "<group>"; };
		7A16400FB481F6DC1B1048C0 /* Pods-AvoidCrashUITests.debug.xcconfig */ = {isa = PBXFileReference; includeInIndex = 1; lastKnownFileType = text.xcconfig; name = "Pods-AvoidCrashUITests.debug.xcconfig"; path = "Pods/Target Support Files/Pods-AvoidCrashUITests/Pods-AvoidCrashUITests.debug.xcconfig"; sourceTree = "<group>"; };
		7F1E13441F5F6E6B00B421D1 /* AvoidCrash.app */ = {isa = PBXFileReference; explicitFileType = wrapper.application; includeInIndex = 0; path = AvoidCrash.app; sourceTree = BUILT_PRODUCTS_DIR; };
		7F1E13481F5F6E6B00B421D1 /* main.m */ = {isa = PBXFileReference; lastKnownFileType = sourcecode.c.objc; path = main.m; sourceTree = "<group>"; };
		7F1E134A1F5F6E6B00B421D1 /* AppDelegate.h */ = {isa = PBXFileReference; lastKnownFileType = sourcecode.c.h; path = AppDelegate.h; sourceTree = "<group>"; };
		7F1E134B1F5F6E6C00B421D1 /* AppDelegate.m */ = {isa = PBXFileReference; lastKnownFileType = sourcecode.c.objc; path = AppDelegate.m; sourceTree = "<group>"; };
		7F1E13511F5F6E6C00B421D1 /* Base */ = {isa = PBXFileReference; lastKnownFileType = file.storyboard; name = Base; path = Base.lproj/Main.storyboard; sourceTree = "<group>"; };
		7F1E13531F5F6E6C00B421D1 /* Assets.xcassets */ = {isa = PBXFileReference; lastKnownFileType = folder.assetcatalog; path = Assets.xcassets; sourceTree = "<group>"; };
		7F1E13561F5F6E6C00B421D1 /* Base */ = {isa = PBXFileReference; lastKnownFileType = file.storyboard; name = Base; path = Base.lproj/LaunchScreen.storyboard; sourceTree = "<group>"; };
		7F1E13581F5F6E6C00B421D1 /* Info.plist */ = {isa = PBXFileReference; lastKnownFileType = text.plist.xml; path = Info.plist; sourceTree = "<group>"; };
		7F1E135D1F5F6E6C00B421D1 /* AvoidCrashTests.xctest */ = {isa = PBXFileReference; explicitFileType = wrapper.cfbundle; includeInIndex = 0; path = AvoidCrashTests.xctest; sourceTree = BUILT_PRODUCTS_DIR; };
		7F1E13611F5F6E6C00B421D1 /* AvoidCrashTests.m */ = {isa = PBXFileReference; lastKnownFileType = sourcecode.c.objc; path = AvoidCrashTests.m; sourceTree = "<group>"; };
		7F1E13631F5F6E6C00B421D1 /* Info.plist */ = {isa = PBXFileReference; lastKnownFileType = text.plist.xml; path = Info.plist; sourceTree = "<group>"; };
		7F1E13681F5F6E6C00B421D1 /* AvoidCrashUITests.xctest */ = {isa = PBXFileReference; explicitFileType = wrapper.cfbundle; includeInIndex = 0; path = AvoidCrashUITests.xctest; sourceTree = BUILT_PRODUCTS_DIR; };
		7F1E136C1F5F6E6C00B421D1 /* AvoidCrashUITests.m */ = {isa = PBXFileReference; lastKnownFileType = sourcecode.c.objc; path = AvoidCrashUITests.m; sourceTree = "<group>"; };
		7F1E136E1F5F6E6C00B421D1 /* Info.plist */ = {isa = PBXFileReference; lastKnownFileType = text.plist.xml; path = Info.plist; sourceTree = "<group>"; };
		7F1E137A1F5F6F6000B421D1 /* NSObject+NTYAvoidCrash.h */ = {isa = PBXFileReference; fileEncoding = 4; lastKnownFileType = sourcecode.c.h; path = "NSObject+NTYAvoidCrash.h"; sourceTree = "<group>"; };
		7F1E137B1F5F6F6000B421D1 /* NSObject+NTYAvoidCrash.m */ = {isa = PBXFileReference; fileEncoding = 4; lastKnownFileType = sourcecode.c.objc; path = "NSObject+NTYAvoidCrash.m"; sourceTree = "<group>"; };
		7F4E4E221F5FDF8E00EAED30 /* AvoidXTest.m */ = {isa = PBXFileReference; fileEncoding = 4; lastKnownFileType = sourcecode.c.objc; path = AvoidXTest.m; sourceTree = "<group>"; };
		7F4E4E241F600B1F00EAED30 /* NSObject+NTYAvoidCrashMRC.h */ = {isa = PBXFileReference; fileEncoding = 4; lastKnownFileType = sourcecode.c.h; path = "NSObject+NTYAvoidCrashMRC.h"; sourceTree = "<group>"; };
		7F4E4E251F600B1F00EAED30 /* NSObject+NTYAvoidCrashMRC.m */ = {isa = PBXFileReference; fileEncoding = 4; lastKnownFileType = sourcecode.c.objc; path = "NSObject+NTYAvoidCrashMRC.m"; sourceTree = "<group>"; };
		7F4E4E271F600B8600EAED30 /* NSObject+NTYAvoidCrashNotUsed.h */ = {isa = PBXFileReference; fileEncoding = 4; lastKnownFileType = sourcecode.c.h; path = "NSObject+NTYAvoidCrashNotUsed.h"; sourceTree = "<group>"; };
		7F4E4E281F600B8600EAED30 /* NSObject+NTYAvoidCrashNotUsed.m */ = {isa = PBXFileReference; fileEncoding = 4; lastKnownFileType = sourcecode.c.objc; path = "NSObject+NTYAvoidCrashNotUsed.m"; sourceTree = "<group>"; };
		7FE53B021F5F7336002B150D /* CYRLayoutManager.h */ = {isa = PBXFileReference; fileEncoding = 4; lastKnownFileType = sourcecode.c.h; path = CYRLayoutManager.h; sourceTree = "<group>"; };
		7FE53B031F5F7336002B150D /* CYRLayoutManager.m */ = {isa = PBXFileReference; fileEncoding = 4; lastKnownFileType = sourcecode.c.objc; path = CYRLayoutManager.m; sourceTree = "<group>"; };
		7FE53B041F5F7336002B150D /* CYRTextStorage.h */ = {isa = PBXFileReference; fileEncoding = 4; lastKnownFileType = sourcecode.c.h; path = CYRTextStorage.h; sourceTree = "<group>"; };
		7FE53B051F5F7336002B150D /* CYRTextStorage.m */ = {isa = PBXFileReference; fileEncoding = 4; lastKnownFileType = sourcecode.c.objc; path = CYRTextStorage.m; sourceTree = "<group>"; };
		7FE53B061F5F7336002B150D /* CYRTextView.h */ = {isa = PBXFileReference; fileEncoding = 4; lastKnownFileType = sourcecode.c.h; path = CYRTextView.h; sourceTree = "<group>"; };
		7FE53B071F5F7336002B150D /* CYRTextView.m */ = {isa = PBXFileReference; fileEncoding = 4; lastKnownFileType = sourcecode.c.objc; path = CYRTextView.m; sourceTree = "<group>"; };
		7FE53B081F5F7336002B150D /* CYRToken.h */ = {isa = PBXFileReference; fileEncoding = 4; lastKnownFileType = sourcecode.c.h; path = CYRToken.h; sourceTree = "<group>"; };
		7FE53B091F5F7336002B150D /* CYRToken.m */ = {isa = PBXFileReference; fileEncoding = 4; lastKnownFileType = sourcecode.c.objc; path = CYRToken.m; sourceTree = "<group>"; };
		7FE53B0A1F5F7336002B150D /* QEDTextView.h */ = {isa = PBXFileReference; fileEncoding = 4; lastKnownFileType = sourcecode.c.h; path = QEDTextView.h; sourceTree = "<group>"; };
		7FE53B0B1F5F7336002B150D /* QEDTextView.m */ = {isa = PBXFileReference; fileEncoding = 4; lastKnownFileType = sourcecode.c.objc; path = QEDTextView.m; sourceTree = "<group>"; };
		7FE53B0D1F5F7336002B150D /* SKMainViewController.h */ = {isa = PBXFileReference; fileEncoding = 4; lastKnownFileType = sourcecode.c.h; path = SKMainViewController.h; sourceTree = "<group>"; };
		7FE53B0E1F5F7336002B150D /* SKMainViewController.m */ = {isa = PBXFileReference; fileEncoding = 4; lastKnownFileType = sourcecode.c.objc; path = SKMainViewController.m; sourceTree = "<group>"; };
		7FE53B0F1F5F7336002B150D /* SKViewController.h */ = {isa = PBXFileReference; fileEncoding = 4; lastKnownFileType = sourcecode.c.h; path = SKViewController.h; sourceTree = "<group>"; };
		7FE53B101F5F7336002B150D /* SKViewController.m */ = {isa = PBXFileReference; fileEncoding = 4; lastKnownFileType = sourcecode.c.objc; path = SKViewController.m; sourceTree = "<group>"; };
		7FE53B181F5F7351002B150D /* NSArrayTests.m */ = {isa = PBXFileReference; fileEncoding = 4; lastKnownFileType = sourcecode.c.objc; path = NSArrayTests.m; sourceTree = "<group>"; };
		7FE53B191F5F7351002B150D /* NSDictionaryTests.m */ = {isa = PBXFileReference; fileEncoding = 4; lastKnownFileType = sourcecode.c.objc; path = NSDictionaryTests.m; sourceTree = "<group>"; };
		7FE53B1A1F5F7351002B150D /* NSMutableArrayTests.m */ = {isa = PBXFileReference; fileEncoding = 4; lastKnownFileType = sourcecode.c.objc; path = NSMutableArrayTests.m; sourceTree = "<group>"; };
		7FE53B1B1F5F7351002B150D /* NSMutableDictionaryTests.m */ = {isa = PBXFileReference; fileEncoding = 4; lastKnownFileType = sourcecode.c.objc; path = NSMutableDictionaryTests.m; sourceTree = "<group>"; };
		7FE53B1C1F5F7351002B150D /* NSMutableStringTests.m */ = {isa = PBXFileReference; fileEncoding = 4; lastKnownFileType = sourcecode.c.objc; path = NSMutableStringTests.m; sourceTree = "<group>"; };
		7FE53B1D1F5F7351002B150D /* NSNumberTests.m */ = {isa = PBXFileReference; fileEncoding = 4; lastKnownFileType = sourcecode.c.objc; path = NSNumberTests.m; sourceTree = "<group>"; };
		7FE53B1E1F5F7351002B150D /* NSStringTests.m */ = {isa = PBXFileReference; fileEncoding = 4; lastKnownFileType = sourcecode.c.objc; path = NSStringTests.m; sourceTree = "<group>"; };
		95FAEAD1ED2E914314F89260 /* Pods-AvoidCrashTests.release.xcconfig */ = {isa = PBXFileReference; includeInIndex = 1; lastKnownFileType = text.xcconfig; name = "Pods-AvoidCrashTests.release.xcconfig"; path = "Pods/Target Support Files/Pods-AvoidCrashTests/Pods-AvoidCrashTests.release.xcconfig"; sourceTree = "<group>"; };
		F70E923ECA89916C912B4228 /* libPods-AvoidCrash.a */ = {isa = PBXFileReference; explicitFileType = archive.ar; includeInIndex = 0; path = "libPods-AvoidCrash.a"; sourceTree = BUILT_PRODUCTS_DIR; };
		FC88AD29EBBCCE78C2EB0BE2 /* Pods-AvoidCrash.debug.xcconfig */ = {isa = PBXFileReference; includeInIndex = 1; lastKnownFileType = text.xcconfig; name = "Pods-AvoidCrash.debug.xcconfig"; path = "Pods/Target Support Files/Pods-AvoidCrash/Pods-AvoidCrash.debug.xcconfig"; sourceTree = "<group>"; };
/* End PBXFileReference section */

/* Begin PBXFrameworksBuildPhase section */
		7F1E13411F5F6E6B00B421D1 /* Frameworks */ = {
			isa = PBXFrameworksBuildPhase;
			buildActionMask = 2147483647;
			files = (
				D7E7C29248060752255E3DA8 /* libPods-AvoidCrash.a in Frameworks */,
			);
			runOnlyForDeploymentPostprocessing = 0;
		};
		7F1E135A1F5F6E6C00B421D1 /* Frameworks */ = {
			isa = PBXFrameworksBuildPhase;
			buildActionMask = 2147483647;
			files = (
				39AAA33BBDA5D54175BEBDFD /* libPods-AvoidCrashTests.a in Frameworks */,
			);
			runOnlyForDeploymentPostprocessing = 0;
		};
		7F1E13651F5F6E6C00B421D1 /* Frameworks */ = {
			isa = PBXFrameworksBuildPhase;
			buildActionMask = 2147483647;
			files = (
				FA74513D036651C7E53EC158 /* libPods-AvoidCrashUITests.a in Frameworks */,
			);
			runOnlyForDeploymentPostprocessing = 0;
		};
/* End PBXFrameworksBuildPhase section */

/* Begin PBXGroup section */
		65D7A4F6C0AEE2D30CF96D6C /* Pods */ = {
			isa = PBXGroup;
			children = (
				FC88AD29EBBCCE78C2EB0BE2 /* Pods-AvoidCrash.debug.xcconfig */,
				3465B08430B402D144E767BD /* Pods-AvoidCrash.release.xcconfig */,
				73DAACF98D3AE0AD5329BF8C /* Pods-AvoidCrashTests.debug.xcconfig */,
				95FAEAD1ED2E914314F89260 /* Pods-AvoidCrashTests.release.xcconfig */,
				7A16400FB481F6DC1B1048C0 /* Pods-AvoidCrashUITests.debug.xcconfig */,
				7049402CA09C56794FD71A64 /* Pods-AvoidCrashUITests.release.xcconfig */,
			);
			name = Pods;
			sourceTree = "<group>";
		};
		7F1E133B1F5F6E6B00B421D1 = {
			isa = PBXGroup;
			children = (
				7F1E13461F5F6E6B00B421D1 /* AvoidCrash */,
				7F1E13601F5F6E6C00B421D1 /* AvoidCrashTests */,
				7F1E136B1F5F6E6C00B421D1 /* AvoidCrashUITests */,
				7F1E13451F5F6E6B00B421D1 /* Products */,
				65D7A4F6C0AEE2D30CF96D6C /* Pods */,
				99046E75A431D95BC3841DBB /* Frameworks */,
			);
			sourceTree = "<group>";
		};
		7F1E13451F5F6E6B00B421D1 /* Products */ = {
			isa = PBXGroup;
			children = (
				7F1E13441F5F6E6B00B421D1 /* AvoidCrash.app */,
				7F1E135D1F5F6E6C00B421D1 /* AvoidCrashTests.xctest */,
				7F1E13681F5F6E6C00B421D1 /* AvoidCrashUITests.xctest */,
			);
			name = Products;
			sourceTree = "<group>";
		};
		7F1E13461F5F6E6B00B421D1 /* AvoidCrash */ = {
			isa = PBXGroup;
			children = (
				7FE53B011F5F7336002B150D /* CYRTextView */,
				7FE53B0C1F5F7336002B150D /* ExampleVC */,
				7F1E134A1F5F6E6B00B421D1 /* AppDelegate.h */,
				7F1E134B1F5F6E6C00B421D1 /* AppDelegate.m */,
				7F1E13501F5F6E6C00B421D1 /* Main.storyboard */,
				7F1E13531F5F6E6C00B421D1 /* Assets.xcassets */,
				7F1E13551F5F6E6C00B421D1 /* LaunchScreen.storyboard */,
				7F1E13581F5F6E6C00B421D1 /* Info.plist */,
				7F1E13471F5F6E6B00B421D1 /* Supporting Files */,
				7F1E137A1F5F6F6000B421D1 /* NSObject+NTYAvoidCrash.h */,
				7F1E137B1F5F6F6000B421D1 /* NSObject+NTYAvoidCrash.m */,
				7F4E4E241F600B1F00EAED30 /* NSObject+NTYAvoidCrashMRC.h */,
				7F4E4E251F600B1F00EAED30 /* NSObject+NTYAvoidCrashMRC.m */,
				7F4E4E271F600B8600EAED30 /* NSObject+NTYAvoidCrashNotUsed.h */,
				7F4E4E281F600B8600EAED30 /* NSObject+NTYAvoidCrashNotUsed.m */,
			);
			path = AvoidCrash;
			sourceTree = "<group>";
		};
		7F1E13471F5F6E6B00B421D1 /* Supporting Files */ = {
			isa = PBXGroup;
			children = (
				7F1E13481F5F6E6B00B421D1 /* main.m */,
			);
			name = "Supporting Files";
			sourceTree = "<group>";
		};
		7F1E13601F5F6E6C00B421D1 /* AvoidCrashTests */ = {
			isa = PBXGroup;
			children = (
				7F4E4E221F5FDF8E00EAED30 /* AvoidXTest.m */,
				7FE53B181F5F7351002B150D /* NSArrayTests.m */,
				7FE53B191F5F7351002B150D /* NSDictionaryTests.m */,
				7FE53B1A1F5F7351002B150D /* NSMutableArrayTests.m */,
				7FE53B1B1F5F7351002B150D /* NSMutableDictionaryTests.m */,
				7FE53B1C1F5F7351002B150D /* NSMutableStringTests.m */,
				7FE53B1D1F5F7351002B150D /* NSNumberTests.m */,
				7FE53B1E1F5F7351002B150D /* NSStringTests.m */,
				7F1E13611F5F6E6C00B421D1 /* AvoidCrashTests.m */,
				7F1E13631F5F6E6C00B421D1 /* Info.plist */,
			);
			path = AvoidCrashTests;
			sourceTree = "<group>";
		};
		7F1E136B1F5F6E6C00B421D1 /* AvoidCrashUITests */ = {
			isa = PBXGroup;
			children = (
				7F1E136C1F5F6E6C00B421D1 /* AvoidCrashUITests.m */,
				7F1E136E1F5F6E6C00B421D1 /* Info.plist */,
			);
			path = AvoidCrashUITests;
			sourceTree = "<group>";
		};
		7FE53B011F5F7336002B150D /* CYRTextView */ = {
			isa = PBXGroup;
			children = (
				7FE53B021F5F7336002B150D /* CYRLayoutManager.h */,
				7FE53B031F5F7336002B150D /* CYRLayoutManager.m */,
				7FE53B041F5F7336002B150D /* CYRTextStorage.h */,
				7FE53B051F5F7336002B150D /* CYRTextStorage.m */,
				7FE53B061F5F7336002B150D /* CYRTextView.h */,
				7FE53B071F5F7336002B150D /* CYRTextView.m */,
				7FE53B081F5F7336002B150D /* CYRToken.h */,
				7FE53B091F5F7336002B150D /* CYRToken.m */,
				7FE53B0A1F5F7336002B150D /* QEDTextView.h */,
				7FE53B0B1F5F7336002B150D /* QEDTextView.m */,
			);
			path = CYRTextView;
			sourceTree = "<group>";
		};
		7FE53B0C1F5F7336002B150D /* ExampleVC */ = {
			isa = PBXGroup;
			children = (
				7FE53B0D1F5F7336002B150D /* SKMainViewController.h */,
				7FE53B0E1F5F7336002B150D /* SKMainViewController.m */,
				7FE53B0F1F5F7336002B150D /* SKViewController.h */,
				7FE53B101F5F7336002B150D /* SKViewController.m */,
			);
			path = ExampleVC;
			sourceTree = "<group>";
		};
		99046E75A431D95BC3841DBB /* Frameworks */ = {
			isa = PBXGroup;
			children = (
				F70E923ECA89916C912B4228 /* libPods-AvoidCrash.a */,
				6F6619023BB12CF5654047EA /* libPods-AvoidCrashTests.a */,
				6E725930DFA954A655189C28 /* libPods-AvoidCrashUITests.a */,
			);
			name = Frameworks;
			sourceTree = "<group>";
		};
/* End PBXGroup section */

/* Begin PBXNativeTarget section */
		7F1E13431F5F6E6B00B421D1 /* AvoidCrash */ = {
			isa = PBXNativeTarget;
			buildConfigurationList = 7F1E13711F5F6E6C00B421D1 /* Build configuration list for PBXNativeTarget "AvoidCrash" */;
			buildPhases = (
				FF51F2B6B312BC6DA61367A8 /* [CP] Check Pods Manifest.lock */,
				7F1E13401F5F6E6B00B421D1 /* Sources */,
				7F1E13411F5F6E6B00B421D1 /* Frameworks */,
				7F1E13421F5F6E6B00B421D1 /* Resources */,
				D70A4C170DE4B9A7BDD7B00D /* [CP] Embed Pods Frameworks */,
				6CD5823FF3A81F6351ED0D3C /* [CP] Copy Pods Resources */,
			);
			buildRules = (
			);
			dependencies = (
			);
			name = AvoidCrash;
			productName = AvoidCrash;
			productReference = 7F1E13441F5F6E6B00B421D1 /* AvoidCrash.app */;
			productType = "com.apple.product-type.application";
		};
		7F1E135C1F5F6E6C00B421D1 /* AvoidCrashTests */ = {
			isa = PBXNativeTarget;
			buildConfigurationList = 7F1E13741F5F6E6C00B421D1 /* Build configuration list for PBXNativeTarget "AvoidCrashTests" */;
			buildPhases = (
				7F14614FE00BC5FD71EAE920 /* [CP] Check Pods Manifest.lock */,
				7F1E13591F5F6E6C00B421D1 /* Sources */,
				7F1E135A1F5F6E6C00B421D1 /* Frameworks */,
				7F1E135B1F5F6E6C00B421D1 /* Resources */,
				900E66644BF0E6B378D90C0F /* [CP] Embed Pods Frameworks */,
				F5427F040F6C97F6A53E3F28 /* [CP] Copy Pods Resources */,
			);
			buildRules = (
			);
			dependencies = (
				7F1E135F1F5F6E6C00B421D1 /* PBXTargetDependency */,
			);
			name = AvoidCrashTests;
			productName = AvoidCrashTests;
			productReference = 7F1E135D1F5F6E6C00B421D1 /* AvoidCrashTests.xctest */;
			productType = "com.apple.product-type.bundle.unit-test";
		};
		7F1E13671F5F6E6C00B421D1 /* AvoidCrashUITests */ = {
			isa = PBXNativeTarget;
			buildConfigurationList = 7F1E13771F5F6E6C00B421D1 /* Build configuration list for PBXNativeTarget "AvoidCrashUITests" */;
			buildPhases = (
				7395B9049C60D83446429F69 /* [CP] Check Pods Manifest.lock */,
				7F1E13641F5F6E6C00B421D1 /* Sources */,
				7F1E13651F5F6E6C00B421D1 /* Frameworks */,
				7F1E13661F5F6E6C00B421D1 /* Resources */,
				85BE044EE2B1C4576BC2FDA8 /* [CP] Embed Pods Frameworks */,
				035DA6D7B7E2DF3D4FFDEEC3 /* [CP] Copy Pods Resources */,
			);
			buildRules = (
			);
			dependencies = (
				7F1E136A1F5F6E6C00B421D1 /* PBXTargetDependency */,
			);
			name = AvoidCrashUITests;
			productName = AvoidCrashUITests;
			productReference = 7F1E13681F5F6E6C00B421D1 /* AvoidCrashUITests.xctest */;
			productType = "com.apple.product-type.bundle.ui-testing";
		};
/* End PBXNativeTarget section */

/* Begin PBXProject section */
		7F1E133C1F5F6E6B00B421D1 /* Project object */ = {
			isa = PBXProject;
			attributes = {
				LastUpgradeCheck = 0830;
				ORGANIZATIONNAME = ibestv;
				TargetAttributes = {
					7F1E13431F5F6E6B00B421D1 = {
						CreatedOnToolsVersion = 8.3.3;
						DevelopmentTeam = N24PWNMG2G;
						ProvisioningStyle = Automatic;
					};
					7F1E135C1F5F6E6C00B421D1 = {
						CreatedOnToolsVersion = 8.3.3;
						DevelopmentTeam = N24PWNMG2G;
						ProvisioningStyle = Automatic;
						TestTargetID = 7F1E13431F5F6E6B00B421D1;
					};
					7F1E13671F5F6E6C00B421D1 = {
						CreatedOnToolsVersion = 8.3.3;
						DevelopmentTeam = N24PWNMG2G;
						ProvisioningStyle = Automatic;
						TestTargetID = 7F1E13431F5F6E6B00B421D1;
					};
				};
			};
			buildConfigurationList = 7F1E133F1F5F6E6B00B421D1 /* Build configuration list for PBXProject "AvoidCrash" */;
			compatibilityVersion = "Xcode 3.2";
			developmentRegion = English;
			hasScannedForEncodings = 0;
			knownRegions = (
				en,
				Base,
			);
			mainGroup = 7F1E133B1F5F6E6B00B421D1;
			productRefGroup = 7F1E13451F5F6E6B00B421D1 /* Products */;
			projectDirPath = "";
			projectRoot = "";
			targets = (
				7F1E13431F5F6E6B00B421D1 /* AvoidCrash */,
				7F1E135C1F5F6E6C00B421D1 /* AvoidCrashTests */,
				7F1E13671F5F6E6C00B421D1 /* AvoidCrashUITests */,
			);
		};
/* End PBXProject section */

/* Begin PBXResourcesBuildPhase section */
		7F1E13421F5F6E6B00B421D1 /* Resources */ = {
			isa = PBXResourcesBuildPhase;
			buildActionMask = 2147483647;
			files = (
				7F1E13571F5F6E6C00B421D1 /* LaunchScreen.storyboard in Resources */,
				7F1E13541F5F6E6C00B421D1 /* Assets.xcassets in Resources */,
				7F1E13521F5F6E6C00B421D1 /* Main.storyboard in Resources */,
			);
			runOnlyForDeploymentPostprocessing = 0;
		};
		7F1E135B1F5F6E6C00B421D1 /* Resources */ = {
			isa = PBXResourcesBuildPhase;
			buildActionMask = 2147483647;
			files = (
			);
			runOnlyForDeploymentPostprocessing = 0;
		};
		7F1E13661F5F6E6C00B421D1 /* Resources */ = {
			isa = PBXResourcesBuildPhase;
			buildActionMask = 2147483647;
			files = (
			);
			runOnlyForDeploymentPostprocessing = 0;
		};
/* End PBXResourcesBuildPhase section */

/* Begin PBXShellScriptBuildPhase section */
		035DA6D7B7E2DF3D4FFDEEC3 /* [CP] Copy Pods Resources */ = {
			isa = PBXShellScriptBuildPhase;
			buildActionMask = 2147483647;
			files = (
			);
			inputPaths = (
			);
			name = "[CP] Copy Pods Resources";
			outputPaths = (
			);
			runOnlyForDeploymentPostprocessing = 0;
			shellPath = /bin/sh;
			shellScript = "\"${SRCROOT}/Pods/Target Support Files/Pods-AvoidCrashUITests/Pods-AvoidCrashUITests-resources.sh\"\n";
			showEnvVarsInLog = 0;
		};
		6CD5823FF3A81F6351ED0D3C /* [CP] Copy Pods Resources */ = {
			isa = PBXShellScriptBuildPhase;
			buildActionMask = 2147483647;
			files = (
			);
			inputPaths = (
			);
			name = "[CP] Copy Pods Resources";
			outputPaths = (
			);
			runOnlyForDeploymentPostprocessing = 0;
			shellPath = /bin/sh;
			shellScript = "\"${SRCROOT}/Pods/Target Support Files/Pods-AvoidCrash/Pods-AvoidCrash-resources.sh\"\n";
			showEnvVarsInLog = 0;
		};
		7395B9049C60D83446429F69 /* [CP] Check Pods Manifest.lock */ = {
			isa = PBXShellScriptBuildPhase;
			buildActionMask = 2147483647;
			files = (
			);
			inputPaths = (
				"${PODS_PODFILE_DIR_PATH}/Podfile.lock",
				"${PODS_ROOT}/Manifest.lock",
			);
			name = "[CP] Check Pods Manifest.lock";
			outputPaths = (
				"$(DERIVED_FILE_DIR)/Pods-AvoidCrashUITests-checkManifestLockResult.txt",
			);
			runOnlyForDeploymentPostprocessing = 0;
			shellPath = /bin/sh;
			shellScript = "diff \"${PODS_PODFILE_DIR_PATH}/Podfile.lock\" \"${PODS_ROOT}/Manifest.lock\" > /dev/null\nif [ $? != 0 ] ; then\n    # print error to STDERR\n    echo \"error: The sandbox is not in sync with the Podfile.lock. Run 'pod install' or update your CocoaPods installation.\" >&2\n    exit 1\nfi\n# This output is used by Xcode 'outputs' to avoid re-running this script phase.\necho \"SUCCESS\" > \"${SCRIPT_OUTPUT_FILE_0}\"\n";
			showEnvVarsInLog = 0;
		};
		7F14614FE00BC5FD71EAE920 /* [CP] Check Pods Manifest.lock */ = {
			isa = PBXShellScriptBuildPhase;
			buildActionMask = 2147483647;
			files = (
			);
			inputPaths = (
				"${PODS_PODFILE_DIR_PATH}/Podfile.lock",
				"${PODS_ROOT}/Manifest.lock",
			);
			name = "[CP] Check Pods Manifest.lock";
			outputPaths = (
				"$(DERIVED_FILE_DIR)/Pods-AvoidCrashTests-checkManifestLockResult.txt",
			);
			runOnlyForDeploymentPostprocessing = 0;
			shellPath = /bin/sh;
			shellScript = "diff \"${PODS_PODFILE_DIR_PATH}/Podfile.lock\" \"${PODS_ROOT}/Manifest.lock\" > /dev/null\nif [ $? != 0 ] ; then\n    # print error to STDERR\n    echo \"error: The sandbox is not in sync with the Podfile.lock. Run 'pod install' or update your CocoaPods installation.\" >&2\n    exit 1\nfi\n# This output is used by Xcode 'outputs' to avoid re-running this script phase.\necho \"SUCCESS\" > \"${SCRIPT_OUTPUT_FILE_0}\"\n";
			showEnvVarsInLog = 0;
		};
		85BE044EE2B1C4576BC2FDA8 /* [CP] Embed Pods Frameworks */ = {
			isa = PBXShellScriptBuildPhase;
			buildActionMask = 2147483647;
			files = (
			);
			inputPaths = (
			);
			name = "[CP] Embed Pods Frameworks";
			outputPaths = (
			);
			runOnlyForDeploymentPostprocessing = 0;
			shellPath = /bin/sh;
			shellScript = "\"${SRCROOT}/Pods/Target Support Files/Pods-AvoidCrashUITests/Pods-AvoidCrashUITests-frameworks.sh\"\n";
			showEnvVarsInLog = 0;
		};
		900E66644BF0E6B378D90C0F /* [CP] Embed Pods Frameworks */ = {
			isa = PBXShellScriptBuildPhase;
			buildActionMask = 2147483647;
			files = (
			);
			inputPaths = (
			);
			name = "[CP] Embed Pods Frameworks";
			outputPaths = (
			);
			runOnlyForDeploymentPostprocessing = 0;
			shellPath = /bin/sh;
			shellScript = "\"${SRCROOT}/Pods/Target Support Files/Pods-AvoidCrashTests/Pods-AvoidCrashTests-frameworks.sh\"\n";
			showEnvVarsInLog = 0;
		};
		D70A4C170DE4B9A7BDD7B00D /* [CP] Embed Pods Frameworks */ = {
			isa = PBXShellScriptBuildPhase;
			buildActionMask = 2147483647;
			files = (
			);
			inputPaths = (
			);
			name = "[CP] Embed Pods Frameworks";
			outputPaths = (
			);
			runOnlyForDeploymentPostprocessing = 0;
			shellPath = /bin/sh;
			shellScript = "\"${SRCROOT}/Pods/Target Support Files/Pods-AvoidCrash/Pods-AvoidCrash-frameworks.sh\"\n";
			showEnvVarsInLog = 0;
		};
		F5427F040F6C97F6A53E3F28 /* [CP] Copy Pods Resources */ = {
			isa = PBXShellScriptBuildPhase;
			buildActionMask = 2147483647;
			files = (
			);
			inputPaths = (
			);
			name = "[CP] Copy Pods Resources";
			outputPaths = (
			);
			runOnlyForDeploymentPostprocessing = 0;
			shellPath = /bin/sh;
			shellScript = "\"${SRCROOT}/Pods/Target Support Files/Pods-AvoidCrashTests/Pods-AvoidCrashTests-resources.sh\"\n";
			showEnvVarsInLog = 0;
		};
		FF51F2B6B312BC6DA61367A8 /* [CP] Check Pods Manifest.lock */ = {
			isa = PBXShellScriptBuildPhase;
			buildActionMask = 2147483647;
			files = (
			);
			inputPaths = (
				"${PODS_PODFILE_DIR_PATH}/Podfile.lock",
				"${PODS_ROOT}/Manifest.lock",
			);
			name = "[CP] Check Pods Manifest.lock";
			outputPaths = (
				"$(DERIVED_FILE_DIR)/Pods-AvoidCrash-checkManifestLockResult.txt",
			);
			runOnlyForDeploymentPostprocessing = 0;
			shellPath = /bin/sh;
			shellScript = "diff \"${PODS_PODFILE_DIR_PATH}/Podfile.lock\" \"${PODS_ROOT}/Manifest.lock\" > /dev/null\nif [ $? != 0 ] ; then\n    # print error to STDERR\n    echo \"error: The sandbox is not in sync with the Podfile.lock. Run 'pod install' or update your CocoaPods installation.\" >&2\n    exit 1\nfi\n# This output is used by Xcode 'outputs' to avoid re-running this script phase.\necho \"SUCCESS\" > \"${SCRIPT_OUTPUT_FILE_0}\"\n";
			showEnvVarsInLog = 0;
		};
/* End PBXShellScriptBuildPhase section */

/* Begin PBXSourcesBuildPhase section */
		7F1E13401F5F6E6B00B421D1 /* Sources */ = {
			isa = PBXSourcesBuildPhase;
			buildActionMask = 2147483647;
			files = (
				7FE53B121F5F7336002B150D /* CYRTextStorage.m in Sources */,
				7FE53B111F5F7336002B150D /* CYRLayoutManager.m in Sources */,
				7F4E4E291F600B8600EAED30 /* NSObject+NTYAvoidCrashNotUsed.m in Sources */,
				7FE53B131F5F7336002B150D /* CYRTextView.m in Sources */,
				7FE53B171F5F7336002B150D /* SKViewController.m in Sources */,
				7FE53B141F5F7336002B150D /* CYRToken.m in Sources */,
				7F1E134C1F5F6E6C00B421D1 /* AppDelegate.m in Sources */,
				7FE53B151F5F7336002B150D /* QEDTextView.m in Sources */,
				7FE53B161F5F7336002B150D /* SKMainViewController.m in Sources */,
				7F1E13491F5F6E6B00B421D1 /* main.m in Sources */,
				7F1E137C1F5F6F6000B421D1 /* NSObject+NTYAvoidCrash.m in Sources */,
				7F4E4E261F600B1F00EAED30 /* NSObject+NTYAvoidCrashMRC.m in Sources */,
			);
			runOnlyForDeploymentPostprocessing = 0;
		};
		7F1E13591F5F6E6C00B421D1 /* Sources */ = {
			isa = PBXSourcesBuildPhase;
			buildActionMask = 2147483647;
			files = (
				7FE53B241F5F7351002B150D /* NSNumberTests.m in Sources */,
				7FE53B1F1F5F7351002B150D /* NSArrayTests.m in Sources */,
				7FE53B221F5F7351002B150D /* NSMutableDictionaryTests.m in Sources */,
				7FE53B211F5F7351002B150D /* NSMutableArrayTests.m in Sources */,
				7F4E4E231F5FDF8E00EAED30 /* AvoidXTest.m in Sources */,
				7FE53B201F5F7351002B150D /* NSDictionaryTests.m in Sources */,
				7FE53B251F5F7351002B150D /* NSStringTests.m in Sources */,
				7FE53B231F5F7351002B150D /* NSMutableStringTests.m in Sources */,
				7F1E13621F5F6E6C00B421D1 /* AvoidCrashTests.m in Sources */,
			);
			runOnlyForDeploymentPostprocessing = 0;
		};
		7F1E13641F5F6E6C00B421D1 /* Sources */ = {
			isa = PBXSourcesBuildPhase;
			buildActionMask = 2147483647;
			files = (
				7F1E136D1F5F6E6C00B421D1 /* AvoidCrashUITests.m in Sources */,
			);
			runOnlyForDeploymentPostprocessing = 0;
		};
/* End PBXSourcesBuildPhase section */

/* Begin PBXTargetDependency section */
		7F1E135F1F5F6E6C00B421D1 /* PBXTargetDependency */ = {
			isa = PBXTargetDependency;
			target = 7F1E13431F5F6E6B00B421D1 /* AvoidCrash */;
			targetProxy = 7F1E135E1F5F6E6C00B421D1 /* PBXContainerItemProxy */;
		};
		7F1E136A1F5F6E6C00B421D1 /* PBXTargetDependency */ = {
			isa = PBXTargetDependency;
			target = 7F1E13431F5F6E6B00B421D1 /* AvoidCrash */;
			targetProxy = 7F1E13691F5F6E6C00B421D1 /* PBXContainerItemProxy */;
		};
/* End PBXTargetDependency section */

/* Begin PBXVariantGroup section */
		7F1E13501F5F6E6C00B421D1 /* Main.storyboard */ = {
			isa = PBXVariantGroup;
			children = (
				7F1E13511F5F6E6C00B421D1 /* Base */,
			);
			name = Main.storyboard;
			sourceTree = "<group>";
		};
		7F1E13551F5F6E6C00B421D1 /* LaunchScreen.storyboard */ = {
			isa = PBXVariantGroup;
			children = (
				7F1E13561F5F6E6C00B421D1 /* Base */,
			);
			name = LaunchScreen.storyboard;
			sourceTree = "<group>";
		};
/* End PBXVariantGroup section */

/* Begin XCBuildConfiguration section */
		7F1E136F1F5F6E6C00B421D1 /* Debug */ = {
			isa = XCBuildConfiguration;
			buildSettings = {
				ALWAYS_SEARCH_USER_PATHS = NO;
				CLANG_ANALYZER_NONNULL = YES;
				CLANG_ANALYZER_NUMBER_OBJECT_CONVERSION = YES_AGGRESSIVE;
				CLANG_CXX_LANGUAGE_STANDARD = "gnu++0x";
				CLANG_CXX_LIBRARY = "libc++";
				CLANG_ENABLE_MODULES = YES;
				CLANG_ENABLE_OBJC_ARC = YES;
				CLANG_WARN_BOOL_CONVERSION = YES;
				CLANG_WARN_CONSTANT_CONVERSION = YES;
				CLANG_WARN_DIRECT_OBJC_ISA_USAGE = YES_ERROR;
				CLANG_WARN_DOCUMENTATION_COMMENTS = YES;
				CLANG_WARN_EMPTY_BODY = YES;
				CLANG_WARN_ENUM_CONVERSION = YES;
				CLANG_WARN_INFINITE_RECURSION = YES;
				CLANG_WARN_INT_CONVERSION = YES;
				CLANG_WARN_OBJC_ROOT_CLASS = YES_ERROR;
				CLANG_WARN_SUSPICIOUS_MOVE = YES;
				CLANG_WARN_UNREACHABLE_CODE = YES;
				CLANG_WARN__DUPLICATE_METHOD_MATCH = YES;
				"CODE_SIGN_IDENTITY[sdk=iphoneos*]" = "iPhone Developer";
				COPY_PHASE_STRIP = NO;
				DEBUG_INFORMATION_FORMAT = dwarf;
				ENABLE_STRICT_OBJC_MSGSEND = YES;
				ENABLE_TESTABILITY = YES;
				GCC_C_LANGUAGE_STANDARD = gnu99;
				GCC_DYNAMIC_NO_PIC = NO;
				GCC_NO_COMMON_BLOCKS = YES;
				GCC_OPTIMIZATION_LEVEL = 0;
				GCC_PREPROCESSOR_DEFINITIONS = (
					"DEBUG=1",
					"$(inherited)",
				);
				GCC_WARN_64_TO_32_BIT_CONVERSION = YES;
				GCC_WARN_ABOUT_RETURN_TYPE = YES_ERROR;
				GCC_WARN_UNDECLARED_SELECTOR = YES;
				GCC_WARN_UNINITIALIZED_AUTOS = YES_AGGRESSIVE;
				GCC_WARN_UNUSED_FUNCTION = YES;
				GCC_WARN_UNUSED_VARIABLE = YES;
				IPHONEOS_DEPLOYMENT_TARGET = 10.3;
				MTL_ENABLE_DEBUG_INFO = YES;
				ONLY_ACTIVE_ARCH = YES;
				SDKROOT = iphoneos;
				TARGETED_DEVICE_FAMILY = "1,2";
			};
			name = Debug;
		};
		7F1E13701F5F6E6C00B421D1 /* Release */ = {
			isa = XCBuildConfiguration;
			buildSettings = {
				ALWAYS_SEARCH_USER_PATHS = NO;
				CLANG_ANALYZER_NONNULL = YES;
				CLANG_ANALYZER_NUMBER_OBJECT_CONVERSION = YES_AGGRESSIVE;
				CLANG_CXX_LANGUAGE_STANDARD = "gnu++0x";
				CLANG_CXX_LIBRARY = "libc++";
				CLANG_ENABLE_MODULES = YES;
				CLANG_ENABLE_OBJC_ARC = YES;
				CLANG_WARN_BOOL_CONVERSION = YES;
				CLANG_WARN_CONSTANT_CONVERSION = YES;
				CLANG_WARN_DIRECT_OBJC_ISA_USAGE = YES_ERROR;
				CLANG_WARN_DOCUMENTATION_COMMENTS = YES;
				CLANG_WARN_EMPTY_BODY = YES;
				CLANG_WARN_ENUM_CONVERSION = YES;
				CLANG_WARN_INFINITE_RECURSION = YES;
				CLANG_WARN_INT_CONVERSION = YES;
				CLANG_WARN_OBJC_ROOT_CLASS = YES_ERROR;
				CLANG_WARN_SUSPICIOUS_MOVE = YES;
				CLANG_WARN_UNREACHABLE_CODE = YES;
				CLANG_WARN__DUPLICATE_METHOD_MATCH = YES;
				"CODE_SIGN_IDENTITY[sdk=iphoneos*]" = "iPhone Developer";
				COPY_PHASE_STRIP = NO;
				DEBUG_INFORMATION_FORMAT = "dwarf-with-dsym";
				ENABLE_NS_ASSERTIONS = NO;
				ENABLE_STRICT_OBJC_MSGSEND = YES;
				GCC_C_LANGUAGE_STANDARD = gnu99;
				GCC_NO_COMMON_BLOCKS = YES;
				GCC_WARN_64_TO_32_BIT_CONVERSION = YES;
				GCC_WARN_ABOUT_RETURN_TYPE = YES_ERROR;
				GCC_WARN_UNDECLARED_SELECTOR = YES;
				GCC_WARN_UNINITIALIZED_AUTOS = YES_AGGRESSIVE;
				GCC_WARN_UNUSED_FUNCTION = YES;
				GCC_WARN_UNUSED_VARIABLE = YES;
				IPHONEOS_DEPLOYMENT_TARGET = 10.3;
				MTL_ENABLE_DEBUG_INFO = NO;
				SDKROOT = iphoneos;
				TARGETED_DEVICE_FAMILY = "1,2";
				VALIDATE_PRODUCT = YES;
			};
			name = Release;
		};
		7F1E13721F5F6E6C00B421D1 /* Debug */ = {
			isa = XCBuildConfiguration;
			baseConfigurationReference = FC88AD29EBBCCE78C2EB0BE2 /* Pods-AvoidCrash.debug.xcconfig */;
			buildSettings = {
				ASSETCATALOG_COMPILER_APPICON_NAME = AppIcon;
				DEVELOPMENT_TEAM = N24PWNMG2G;
				INFOPLIST_FILE = AvoidCrash/Info.plist;
				IPHONEOS_DEPLOYMENT_TARGET = 8.0;
				LD_RUNPATH_SEARCH_PATHS = "$(inherited) @executable_path/Frameworks";
				PRODUCT_BUNDLE_IDENTIFIER = ibestv.AvoidCrash;
				PRODUCT_NAME = "$(TARGET_NAME)";
			};
			name = Debug;
		};
		7F1E13731F5F6E6C00B421D1 /* Release */ = {
			isa = XCBuildConfiguration;
			baseConfigurationReference = 3465B08430B402D144E767BD /* Pods-AvoidCrash.release.xcconfig */;
			buildSettings = {
				ASSETCATALOG_COMPILER_APPICON_NAME = AppIcon;
				DEVELOPMENT_TEAM = N24PWNMG2G;
				INFOPLIST_FILE = AvoidCrash/Info.plist;
				IPHONEOS_DEPLOYMENT_TARGET = 8.0;
				LD_RUNPATH_SEARCH_PATHS = "$(inherited) @executable_path/Frameworks";
				PRODUCT_BUNDLE_IDENTIFIER = ibestv.AvoidCrash;
				PRODUCT_NAME = "$(TARGET_NAME)";
			};
			name = Release;
		};
		7F1E13751F5F6E6C00B421D1 /* Debug */ = {
			isa = XCBuildConfiguration;
			baseConfigurationReference = 73DAACF98D3AE0AD5329BF8C /* Pods-AvoidCrashTests.debug.xcconfig */;
			buildSettings = {
				BUNDLE_LOADER = "$(TEST_HOST)";
				DEVELOPMENT_TEAM = N24PWNMG2G;
				INFOPLIST_FILE = AvoidCrashTests/Info.plist;
				LD_RUNPATH_SEARCH_PATHS = "$(inherited) @executable_path/Frameworks @loader_path/Frameworks";
				PRODUCT_BUNDLE_IDENTIFIER = ibestv.AvoidCrashTests;
				PRODUCT_NAME = "$(TARGET_NAME)";
				TEST_HOST = "$(BUILT_PRODUCTS_DIR)/AvoidCrash.app/AvoidCrash";
			};
			name = Debug;
		};
		7F1E13761F5F6E6C00B421D1 /* Release */ = {
			isa = XCBuildConfiguration;
			baseConfigurationReference = 95FAEAD1ED2E914314F89260 /* Pods-AvoidCrashTests.release.xcconfig */;
			buildSettings = {
				BUNDLE_LOADER = "$(TEST_HOST)";
				DEVELOPMENT_TEAM = N24PWNMG2G;
				INFOPLIST_FILE = AvoidCrashTests/Info.plist;
				LD_RUNPATH_SEARCH_PATHS = "$(inherited) @executable_path/Frameworks @loader_path/Frameworks";
				PRODUCT_BUNDLE_IDENTIFIER = ibestv.AvoidCrashTests;
				PRODUCT_NAME = "$(TARGET_NAME)";
				TEST_HOST = "$(BUILT_PRODUCTS_DIR)/AvoidCrash.app/AvoidCrash";
			};
			name = Release;
		};
		7F1E13781F5F6E6C00B421D1 /* Debug */ = {
			isa = XCBuildConfiguration;
			baseConfigurationReference = 7A16400FB481F6DC1B1048C0 /* Pods-AvoidCrashUITests.debug.xcconfig */;
			buildSettings = {
				DEVELOPMENT_TEAM = N24PWNMG2G;
				INFOPLIST_FILE = AvoidCrashUITests/Info.plist;
				LD_RUNPATH_SEARCH_PATHS = "$(inherited) @executable_path/Frameworks @loader_path/Frameworks";
				PRODUCT_BUNDLE_IDENTIFIER = ibestv.AvoidCrashUITests;
				PRODUCT_NAME = "$(TARGET_NAME)";
				TEST_TARGET_NAME = AvoidCrash;
			};
			name = Debug;
		};
		7F1E13791F5F6E6C00B421D1 /* Release */ = {
			isa = XCBuildConfiguration;
			baseConfigurationReference = 7049402CA09C56794FD71A64 /* Pods-AvoidCrashUITests.release.xcconfig */;
			buildSettings = {
				DEVELOPMENT_TEAM = N24PWNMG2G;
				INFOPLIST_FILE = AvoidCrashUITests/Info.plist;
				LD_RUNPATH_SEARCH_PATHS = "$(inherited) @executable_path/Frameworks @loader_path/Frameworks";
				PRODUCT_BUNDLE_IDENTIFIER = ibestv.AvoidCrashUITests;
				PRODUCT_NAME = "$(TARGET_NAME)";
				TEST_TARGET_NAME = AvoidCrash;
			};
			name = Release;
		};
/* End XCBuildConfiguration section */

/* Begin XCConfigurationList section */
		7F1E133F1F5F6E6B00B421D1 /* Build configuration list for PBXProject "AvoidCrash" */ = {
			isa = XCConfigurationList;
			buildConfigurations = (
				7F1E136F1F5F6E6C00B421D1 /* Debug */,
				7F1E13701F5F6E6C00B421D1 /* Release */,
			);
			defaultConfigurationIsVisible = 0;
			defaultConfigurationName = Release;
		};
		7F1E13711F5F6E6C00B421D1 /* Build configuration list for PBXNativeTarget "AvoidCrash" */ = {
			isa = XCConfigurationList;
			buildConfigurations = (
				7F1E13721F5F6E6C00B421D1 /* Debug */,
				7F1E13731F5F6E6C00B421D1 /* Release */,
			);
			defaultConfigurationIsVisible = 0;
			defaultConfigurationName = Release;
		};
		7F1E13741F5F6E6C00B421D1 /* Build configuration list for PBXNativeTarget "AvoidCrashTests" */ = {
			isa = XCConfigurationList;
			buildConfigurations = (
				7F1E13751F5F6E6C00B421D1 /* Debug */,
				7F1E13761F5F6E6C00B421D1 /* Release */,
			);
			defaultConfigurationIsVisible = 0;
			defaultConfigurationName = Release;
		};
		7F1E13771F5F6E6C00B421D1 /* Build configuration list for PBXNativeTarget "AvoidCrashUITests" */ = {
			isa = XCConfigurationList;
			buildConfigurations = (
				7F1E13781F5F6E6C00B421D1 /* Debug */,
				7F1E13791F5F6E6C00B421D1 /* Release */,
			);
			defaultConfigurationIsVisible = 0;
			defaultConfigurationName = Release;
		};
/* End XCConfigurationList section */
	};
	rootObject = 7F1E133C1F5F6E6B00B421D1 /* Project object */;
}
